
Microsoft Visual Studio Solution File, Format Version 12.00
# Visual Studio Version 17
VisualStudioVersion = 17.6.33801.468
MinimumVisualStudioVersion = 10.0.40219.1
Project("{9A19103F-16F7-4668-BE54-9A1E7A4F7556}") = "Traversal", "Traversal\Traversal.csproj", "{8AE58E38-805E-4BB5-A40D-F09829D06867}"
EndProject
Project("{9A19103F-16F7-4668-BE54-9A1E7A4F7556}") = "EntityLayer", "EntityLayer\EntityLayer.csproj", "{ACA1A313-5DA0-44A2-8FA5-3D94402E5B14}"
EndProject
Project("{9A19103F-16F7-4668-BE54-9A1E7A4F7556}") = "DataAccessLayer", "DataAccessLayer\DataAccessLayer.csproj", "{7763F4EE-6BCB-40AD-946B-D0DEC6009581}"
EndProject
Project("{9A19103F-16F7-4668-BE54-9A1E7A4F7556}") = "BusinessLayer", "BusinessLayer\BusinessLayer.csproj", "{52E814FD-B695-42CD-BE0D-1B0E153005F2}"
EndProject
Project("{9A19103F-16F7-4668-BE54-9A1E7A4F7556}") = "DTOLayer", "DTOLayer\DTOLayer.csproj", "{78A18DB1-A97B-4DB0-B551-737D15F5DC0B}"
EndProject
Project("{9A19103F-16F7-4668-BE54-9A1E7A4F7556}") = "SignalRApi", "SignalRApi\SignalRApi.csproj", "{CB084D11-F272-4EEB-96EE-AB2FC4FA76C2}"
EndProject
Project("{FAE04EC0-301F-11D3-BF4B-00C04F79EFBC}") = "SignalRConsume", "SignalRConsume\SignalRConsume.csproj", "{1629812E-6C9F-4160-9492-9680B7C07EB9}"
EndProject
Project("{FAE04EC0-301F-11D3-BF4B-00C04F79EFBC}") = "SignalRApiForSql", "SignalRApiForSql\SignalRApiForSql.csproj", "{3822C7F2-FFD0-4C9C-9424-7D3BD1DF2404}"
EndProject
Global
	GlobalSection(SolutionConfigurationPlatforms) = preSolution
		Debug|Any CPU = Debug|Any CPU
		Release|Any CPU = Release|Any CPU
	EndGlobalSection
	GlobalSection(ProjectConfigurationPlatforms) = postSolution
		{8AE58E38-805E-4BB5-A40D-F09829D06867}.Debug|Any CPU.ActiveCfg = Debug|Any CPU
		{8AE58E38-805E-4BB5-A40D-F09829D06867}.Debug|Any CPU.Build.0 = Debug|Any CPU
		{8AE58E38-805E-4BB5-A40D-F09829D06867}.Release|Any CPU.ActiveCfg = Release|Any CPU
		{8AE58E38-805E-4BB5-A40D-F09829D06867}.Release|Any CPU.Build.0 = Release|Any CPU
		{ACA1A313-5DA0-44A2-8FA5-3D94402E5B14}.Debug|Any CPU.ActiveCfg = Debug|Any CPU
		{ACA1A313-5DA0-44A2-8FA5-3D94402E5B14}.Debug|Any CPU.Build.0 = Debug|Any CPU
		{ACA1A313-5DA0-44A2-8FA5-3D94402E5B14}.Release|Any CPU.ActiveCfg = Release|Any CPU
		{ACA1A313-5DA0-44A2-8FA5-3D94402E5B14}.Release|Any CPU.Build.0 = Release|Any CPU
		{7763F4EE-6BCB-40AD-946B-D0DEC6009581}.Debug|Any CPU.ActiveCfg = Debug|Any CPU
		{7763F4EE-6BCB-40AD-946B-D0DEC6009581}.Debug|Any CPU.Build.0 = Debug|Any CPU
		{7763F4EE-6BCB-40AD-946B-D0DEC6009581}.Release|Any CPU.ActiveCfg = Release|Any CPU
		{7763F4EE-6BCB-40AD-946B-D0DEC6009581}.Release|Any CPU.Build.0 = Release|Any CPU
		{52E814FD-B695-42CD-BE0D-1B0E153005F2}.Debug|Any CPU.ActiveCfg = Debug|Any CPU
		{52E814FD-B695-42CD-BE0D-1B0E153005F2}.Debug|Any CPU.Build.0 = Debug|Any CPU
		{52E814FD-B695-42CD-BE0D-1B0E153005F2}.Release|Any CPU.ActiveCfg = Release|Any CPU
		{52E814FD-B695-42CD-BE0D-1B0E153005F2}.Release|Any CPU.Build.0 = Release|Any CPU
		{78A18DB1-A97B-4DB0-B551-737D15F5DC0B}.Debug|Any CPU.ActiveCfg = Debug|Any CPU
		{78A18DB1-A97B-4DB0-B551-737D15F5DC0B}.Debug|Any CPU.Build.0 = Debug|Any CPU
		{78A18DB1-A97B-4DB0-B551-737D15F5DC0B}.Release|Any CPU.ActiveCfg = Release|Any CPU
		{78A18DB1-A97B-4DB0-B551-737D15F5DC0B}.Release|Any CPU.Build.0 = Release|Any CPU
		{CB084D11-F272-4EEB-96EE-AB2FC4FA76C2}.Debug|Any CPU.ActiveCfg = Debug|Any CPU
		{CB084D11-F272-4EEB-96EE-AB2FC4FA76C2}.Debug|Any CPU.Build.0 = Debug|Any CPU
		{CB084D11-F272-4EEB-96EE-AB2FC4FA76C2}.Release|Any CPU.ActiveCfg = Release|Any CPU
		{CB084D11-F272-4EEB-96EE-AB2FC4FA76C2}.Release|Any CPU.Build.0 = Release|Any CPU
		{1629812E-6C9F-4160-9492-9680B7C07EB9}.Debug|Any CPU.ActiveCfg = Debug|Any CPU
		{1629812E-6C9F-4160-9492-9680B7C07EB9}.Debug|Any CPU.Build.0 = Debug|Any CPU
		{1629812E-6C9F-4160-9492-9680B7C07EB9}.Release|Any CPU.ActiveCfg = Release|Any CPU
		{1629812E-6C9F-4160-9492-9680B7C07EB9}.Release|Any CPU.Build.0 = Release|Any CPU
		{3822C7F2-FFD0-4C9C-9424-7D3BD1DF2404}.Debug|Any CPU.ActiveCfg = Debug|Any CPU
		{3822C7F2-FFD0-4C9C-9424-7D3BD1DF2404}.Debug|Any CPU.Build.0 = Debug|Any CPU
		{3822C7F2-FFD0-4C9C-9424-7D3BD1DF2404}.Release|Any CPU.ActiveCfg = Release|Any CPU
		{3822C7F2-FFD0-4C9C-9424-7D3BD1DF2404}.Release|Any CPU.Build.0 = Release|Any CPU
	EndGlobalSection
	GlobalSection(SolutionProperties) = preSolution
		HideSolutionNode = FALSE
	EndGlobalSection
	GlobalSection(ExtensibilityGlobals) = postSolution
		SolutionGuid = {7EBDC2F9-8C6C-4F4B-A9A8-6747C95BBA70}
	EndGlobalSection
EndGlobal
